// !$*UTF8*$!
{
	archiveVersion = 1;
	classes = {
	};
	objectVersion = 56;
	objects = {

/* Begin PBXBuildFile section */
		360B82352F6B3A8E00DAF2AF /* MilaNetwork in Frameworks */ = {isa = PBXBuildFile; productRef = 360B82342F6B3A8E00DAF2AF /* MilaNetwork */; };
		360B82382F6B3BB700DAF2AF /* MilaKeychain in Frameworks */ = {isa = PBXBuildFile; productRef = 360B82372F6B3BB700DAF2AF /* MilaKeychain */; };
		360B82432F6D308100DAF2AF /* Services in Frameworks */ = {isa = PBXBuildFile; productRef = 360B82422F6D308100DAF2AF /* Services */; };
		36BDBECE2F6D3F9D00C303AF /* DependencyContainer in Frameworks */ = {isa = PBXBuildFile; productRef = 36BDBECD2F6D3F9D00C303AF /* DependencyContainer */; };
		36D32BE62E0DE512002415D5 /* FayThrowawayApp.swift in Sources */ = {isa = PBXBuildFile; fileRef = 36D32BE52E0DE512002415D5 /* FayThrowawayApp.swift */; };
		36D32BEA2E0DE513002415D5 /* Assets.xcassets in Resources */ = {isa = PBXBuildFile; fileRef = 36D32BE92E0DE513002415D5 /* Assets.xcassets */; };
		36D32BED2E0DE513002415D5 /* Preview Assets.xcassets in Resources */ = {isa = PBXBuildFile; fileRef = 36D32BEC2E0DE513002415D5 /* Preview Assets.xcassets */; };
		36D32BF52E0DE548002415D5 /* RootCoordinatorView.swift in Sources */ = {isa = PBXBuildFile; fileRef = 36D32BF42E0DE548002415D5 /* RootCoordinatorView.swift */; };
		36D32BF72E0DE572002415D5 /* RootCoordinator.swift in Sources */ = {isa = PBXBuildFile; fileRef = 36D32BF62E0DE572002415D5 /* RootCoordinator.swift */; };
		36D32BFD2E0E0B86002415D5 /* UnauthorizedCoordinator.swift in Sources */ = {isa = PBXBuildFile; fileRef = 36D32BFC2E0E0B86002415D5 /* UnauthorizedCoordinator.swift */; };
		36D32BFF2E0E0B94002415D5 /* UnauthorizedCoordinatorView.swift in Sources */ = {isa = PBXBuildFile; fileRef = 36D32BFE2E0E0B94002415D5 /* UnauthorizedCoordinatorView.swift */; };
		36D32C022E0E0BD8002415D5 /* UnauthorizedView.swift in Sources */ = {isa = PBXBuildFile; fileRef = 36D32C012E0E0BD8002415D5 /* UnauthorizedView.swift */; };
		36D32C042E0E0BE2002415D5 /* UnauthorizedViewModel.swift in Sources */ = {isa = PBXBuildFile; fileRef = 36D32C032E0E0BE2002415D5 /* UnauthorizedViewModel.swift */; };
		36D32C072E0E0EE5002415D5 /* SigninViewModel.swift in Sources */ = {isa = PBXBuildFile; fileRef = 36D32C062E0E0EE5002415D5 /* SigninViewModel.swift */; };
		36D32C092E0E0EF4002415D5 /* SigninView.swift in Sources */ = {isa = PBXBuildFile; fileRef = 36D32C082E0E0EF4002415D5 /* SigninView.swift */; };
		36D32C0E2E0EA0F7002415D5 /* Lottie in Frameworks */ = {isa = PBXBuildFile; productRef = 36D32C0D2E0EA0F7002415D5 /* Lottie */; };
		36D32C112E0EAF76002415D5 /* AuthorizedCoordinator.swift in Sources */ = {isa = PBXBuildFile; fileRef = 36D32C102E0EAF76002415D5 /* AuthorizedCoordinator.swift */; };
		36D32C132E0EAF8A002415D5 /* AuthorizedCoordinatorView.swift in Sources */ = {isa = PBXBuildFile; fileRef = 36D32C122E0EAF8A002415D5 /* AuthorizedCoordinatorView.swift */; };
		36D32C162E0EB6FB002415D5 /* AppointmentsViewModel.swift in Sources */ = {isa = PBXBuildFile; fileRef = 36D32C152E0EB6FB002415D5 /* AppointmentsViewModel.swift */; };
		36D32C182E0EB719002415D5 /* AppointmentsView.swift in Sources */ = {isa = PBXBuildFile; fileRef = 36D32C172E0EB719002415D5 /* AppointmentsView.swift */; };
		36D32C1A2E0EB773002415D5 /* AppointmentsHeaderView.swift in Sources */ = {isa = PBXBuildFile; fileRef = 36D32C192E0EB773002415D5 /* AppointmentsHeaderView.swift */; };
		36D32C1C2E0EBA14002415D5 /* Manrope-VariableFont_wght.ttf in Resources */ = {isa = PBXBuildFile; fileRef = 36D32C1B2E0EBA14002415D5 /* Manrope-VariableFont_wght.ttf */; };
		36D32C1F2E0EC185002415D5 /* AppointmentsTabView.swift in Sources */ = {isa = PBXBuildFile; fileRef = 36D32C1E2E0EC185002415D5 /* AppointmentsTabView.swift */; };
		36D32C232E0ECF16002415D5 /* AppointmentListView.swift in Sources */ = {isa = PBXBuildFile; fileRef = 36D32C222E0ECF16002415D5 /* AppointmentListView.swift */; };
		36D32C252E0F3429002415D5 /* AppointmentCardView.swift in Sources */ = {isa = PBXBuildFile; fileRef = 36D32C242E0F3428002415D5 /* AppointmentCardView.swift */; };
		36D32C282E0F346D002415D5 /* AppointmentCardViewModel.swift in Sources */ = {isa = PBXBuildFile; fileRef = 36D32C272E0F346D002415D5 /* AppointmentCardViewModel.swift */; };
		36D32C2B2E0F34CF002415D5 /* AppointmentListViewModel.swift in Sources */ = {isa = PBXBuildFile; fileRef = 36D32C2A2E0F34CF002415D5 /* AppointmentListViewModel.swift */; };
		36D32C2E2E0F3753002415D5 /* AppointmentsTabViewModel.swift in Sources */ = {isa = PBXBuildFile; fileRef = 36D32C2D2E0F3753002415D5 /* AppointmentsTabViewModel.swift */; };
		36D32C362E0F42F7002415D5 /* AppointmentsHeaderViewModel.swift in Sources */ = {isa = PBXBuildFile; fileRef = 36D32C352E0F42F7002415D5 /* AppointmentsHeaderViewModel.swift */; };
/* End PBXBuildFile section */

/* Begin PBXFileReference section */
		360B82402F6D2DC400DAF2AF /* Services */ = {isa = PBXFileReference; lastKnownFileType = wrapper; path = Services; sourceTree = "<group>"; };
		36BDBECC2F6D3F2300C303AF /* DependencyContainer */ = {isa = PBXFileReference; lastKnownFileType = wrapper; path = DependencyContainer; sourceTree = "<group>"; };
		36D32BE22E0DE512002415D5 /* FayThrowaway.app */ = {isa = PBXFileReference; explicitFileType = wrapper.application; includeInIndex = 0; path = FayThrowaway.app; sourceTree = BUILT_PRODUCTS_DIR; };
		36D32BE52E0DE512002415D5 /* FayThrowawayApp.swift */ = {isa = PBXFileReference; lastKnownFileType = sourcecode.swift; path = FayThrowawayApp.swift; sourceTree = "<group>"; };
		36D32BE92E0DE513002415D5 /* Assets.xcassets */ = {isa = PBXFileReference; lastKnownFileType = folder.assetcatalog; path = Assets.xcassets; sourceTree = "<group>"; };
		36D32BEC2E0DE513002415D5 /* Preview Assets.xcassets */ = {isa = PBXFileReference; lastKnownFileType = folder.assetcatalog; path = "Preview Assets.xcassets"; sourceTree = "<group>"; };
		36D32BF42E0DE548002415D5 /* RootCoordinatorView.swift */ = {isa = PBXFileReference; lastKnownFileType = sourcecode.swift; path = RootCoordinatorView.swift; sourceTree = "<group>"; };
		36D32BF62E0DE572002415D5 /* RootCoordinator.swift */ = {isa = PBXFileReference; lastKnownFileType = sourcecode.swift; path = RootCoordinator.swift; sourceTree = "<group>"; };
		36D32BFC2E0E0B86002415D5 /* UnauthorizedCoordinator.swift */ = {isa = PBXFileReference; lastKnownFileType = sourcecode.swift; path = UnauthorizedCoordinator.swift; sourceTree = "<group>"; };
		36D32BFE2E0E0B94002415D5 /* UnauthorizedCoordinatorView.swift */ = {isa = PBXFileReference; lastKnownFileType = sourcecode.swift; path = UnauthorizedCoordinatorView.swift; sourceTree = "<group>"; };
		36D32C012E0E0BD8002415D5 /* UnauthorizedView.swift */ = {isa = PBXFileReference; lastKnownFileType = sourcecode.swift; path = UnauthorizedView.swift; sourceTree = "<group>"; };
		36D32C032E0E0BE2002415D5 /* UnauthorizedViewModel.swift */ = {isa = PBXFileReference; lastKnownFileType = sourcecode.swift; path = UnauthorizedViewModel.swift; sourceTree = "<group>"; };
		36D32C062E0E0EE5002415D5 /* SigninViewModel.swift */ = {isa = PBXFileReference; lastKnownFileType = sourcecode.swift; path = SigninViewModel.swift; sourceTree = "<group>"; };
		36D32C082E0E0EF4002415D5 /* SigninView.swift */ = {isa = PBXFileReference; lastKnownFileType = sourcecode.swift; path = SigninView.swift; sourceTree = "<group>"; };
		36D32C102E0EAF76002415D5 /* AuthorizedCoordinator.swift */ = {isa = PBXFileReference; lastKnownFileType = sourcecode.swift; path = AuthorizedCoordinator.swift; sourceTree = "<group>"; };
		36D32C122E0EAF8A002415D5 /* AuthorizedCoordinatorView.swift */ = {isa = PBXFileReference; lastKnownFileType = sourcecode.swift; path = AuthorizedCoordinatorView.swift; sourceTree = "<group>"; };
		36D32C152E0EB6FB002415D5 /* AppointmentsViewModel.swift */ = {isa = PBXFileReference; lastKnownFileType = sourcecode.swift; path = AppointmentsViewModel.swift; sourceTree = "<group>"; };
		36D32C172E0EB719002415D5 /* AppointmentsView.swift */ = {isa = PBXFileReference; lastKnownFileType = sourcecode.swift; path = AppointmentsView.swift; sourceTree = "<group>"; };
		36D32C192E0EB773002415D5 /* AppointmentsHeaderView.swift */ = {isa = PBXFileReference; lastKnownFileType = sourcecode.swift; path = AppointmentsHeaderView.swift; sourceTree = "<group>"; };
		36D32C1B2E0EBA14002415D5 /* Manrope-VariableFont_wght.ttf */ = {isa = PBXFileReference; lastKnownFileType = file; path = "Manrope-VariableFont_wght.ttf"; sourceTree = "<group>"; };
		36D32C1D2E0EBA77002415D5 /* Info.plist */ = {isa = PBXFileReference; lastKnownFileType = text.plist; path = Info.plist; sourceTree = "<group>"; };
		36D32C1E2E0EC185002415D5 /* AppointmentsTabView.swift */ = {isa = PBXFileReference; lastKnownFileType = sourcecode.swift; path = AppointmentsTabView.swift; sourceTree = "<group>"; };
		36D32C222E0ECF16002415D5 /* AppointmentListView.swift */ = {isa = PBXFileReference; lastKnownFileType = sourcecode.swift; path = AppointmentListView.swift; sourceTree = "<group>"; };
		36D32C242E0F3428002415D5 /* AppointmentCardView.swift */ = {isa = PBXFileReference; lastKnownFileType = sourcecode.swift; path = AppointmentCardView.swift; sourceTree = "<group>"; };
		36D32C272E0F346D002415D5 /* AppointmentCardViewModel.swift */ = {isa = PBXFileReference; lastKnownFileType = sourcecode.swift; path = AppointmentCardViewModel.swift; sourceTree = "<group>"; };
		36D32C2A2E0F34CF002415D5 /* AppointmentListViewModel.swift */ = {isa = PBXFileReference; lastKnownFileType = sourcecode.swift; path = AppointmentListViewModel.swift; sourceTree = "<group>"; };
		36D32C2D2E0F3753002415D5 /* AppointmentsTabViewModel.swift */ = {isa = PBXFileReference; lastKnownFileType = sourcecode.swift; path = AppointmentsTabViewModel.swift; sourceTree = "<group>"; };
		36D32C352E0F42F7002415D5 /* AppointmentsHeaderViewModel.swift */ = {isa = PBXFileReference; lastKnownFileType = sourcecode.swift; path = AppointmentsHeaderViewModel.swift; sourceTree = "<group>"; };
/* End PBXFileReference section */

/* Begin PBXFrameworksBuildPhase section */
		36D32BDF2E0DE512002415D5 /* Frameworks */ = {
			isa = PBXFrameworksBuildPhase;
			buildActionMask = 2147483647;
			files = (
				360B82432F6D308100DAF2AF /* Services in Frameworks */,
				360B82352F6B3A8E00DAF2AF /* MilaNetwork in Frameworks */,
				36D32C0E2E0EA0F7002415D5 /* Lottie in Frameworks */,
				36BDBECE2F6D3F9D00C303AF /* DependencyContainer in Frameworks */,
				360B82382F6B3BB700DAF2AF /* MilaKeychain in Frameworks */,
			);
			runOnlyForDeploymentPostprocessing = 0;
		};
/* End PBXFrameworksBuildPhase section */

/* Begin PBXGroup section */
		360B82412F6D308100DAF2AF /* Frameworks */ = {
			isa = PBXGroup;
			children = (
			);
			name = Frameworks;
			sourceTree = "<group>";
		};
		36D32BD92E0DE512002415D5 = {
			isa = PBXGroup;
			children = (
				36BDBECC2F6D3F2300C303AF /* DependencyContainer */,
				360B82402F6D2DC400DAF2AF /* Services */,
				36D32BE42E0DE512002415D5 /* FayThrowaway */,
				36D32C1B2E0EBA14002415D5 /* Manrope-VariableFont_wght.ttf */,
				360B82412F6D308100DAF2AF /* Frameworks */,
				36D32BE32E0DE512002415D5 /* Products */,
			);
			sourceTree = "<group>";
		};
		36D32BE32E0DE512002415D5 /* Products */ = {
			isa = PBXGroup;
			children = (
				36D32BE22E0DE512002415D5 /* FayThrowaway.app */,
			);
			name = Products;
			sourceTree = "<group>";
		};
		36D32BE42E0DE512002415D5 /* FayThrowaway */ = {
			isa = PBXGroup;
			children = (
				36D32C1D2E0EBA77002415D5 /* Info.plist */,
				36D32BE52E0DE512002415D5 /* FayThrowawayApp.swift */,
				36D32BF32E0DE535002415D5 /* Root */,
				36D32BFB2E0E0B37002415D5 /* UnauthorizedCoordinator */,
				36D32C002E0E0BC5002415D5 /* Unauthorized */,
				36D32C052E0E0ED4002415D5 /* Signin */,
				36D32C0F2E0EAF63002415D5 /* Authorized */,
				36D32C142E0EB6BE002415D5 /* Appointments */,
				36D32C342E0F42DA002415D5 /* AppointmentsHeader */,
				36D32C2C2E0F3735002415D5 /* AppointmentsTab */,
				36D32C292E0F34AC002415D5 /* AppointmentListView */,
				36D32C262E0F3452002415D5 /* AppointmentCard */,
				36D32BE92E0DE513002415D5 /* Assets.xcassets */,
				36D32BEB2E0DE513002415D5 /* Preview Content */,
			);
			path = FayThrowaway;
			sourceTree = "<group>";
		};
		36D32BEB2E0DE513002415D5 /* Preview Content */ = {
			isa = PBXGroup;
			children = (
				36D32BEC2E0DE513002415D5 /* Preview Assets.xcassets */,
			);
			path = "Preview Content";
			sourceTree = "<group>";
		};
		36D32BF32E0DE535002415D5 /* Root */ = {
			isa = PBXGroup;
			children = (
				36D32BF62E0DE572002415D5 /* RootCoordinator.swift */,
				36D32BF42E0DE548002415D5 /* RootCoordinatorView.swift */,
			);
			path = Root;
			sourceTree = "<group>";
		};
		36D32BFB2E0E0B37002415D5 /* UnauthorizedCoordinator */ = {
			isa = PBXGroup;
			children = (
				36D32BFC2E0E0B86002415D5 /* UnauthorizedCoordinator.swift */,
				36D32BFE2E0E0B94002415D5 /* UnauthorizedCoordinatorView.swift */,
			);
			path = UnauthorizedCoordinator;
			sourceTree = "<group>";
		};
		36D32C002E0E0BC5002415D5 /* Unauthorized */ = {
			isa = PBXGroup;
			children = (
				36D32C032E0E0BE2002415D5 /* UnauthorizedViewModel.swift */,
				36D32C012E0E0BD8002415D5 /* UnauthorizedView.swift */,
			);
			path = Unauthorized;
			sourceTree = "<group>";
		};
		36D32C052E0E0ED4002415D5 /* Signin */ = {
			isa = PBXGroup;
			children = (
				36D32C062E0E0EE5002415D5 /* SigninViewModel.swift */,
				36D32C082E0E0EF4002415D5 /* SigninView.swift */,
			);
			path = Signin;
			sourceTree = "<group>";
		};
		36D32C0F2E0EAF63002415D5 /* Authorized */ = {
			isa = PBXGroup;
			children = (
				36D32C102E0EAF76002415D5 /* AuthorizedCoordinator.swift */,
				36D32C122E0EAF8A002415D5 /* AuthorizedCoordinatorView.swift */,
			);
			path = Authorized;
			sourceTree = "<group>";
		};
		36D32C142E0EB6BE002415D5 /* Appointments */ = {
			isa = PBXGroup;
			children = (
				36D32C152E0EB6FB002415D5 /* AppointmentsViewModel.swift */,
				36D32C172E0EB719002415D5 /* AppointmentsView.swift */,
			);
			path = Appointments;
			sourceTree = "<group>";
		};
		36D32C262E0F3452002415D5 /* AppointmentCard */ = {
			isa = PBXGroup;
			children = (
				36D32C272E0F346D002415D5 /* AppointmentCardViewModel.swift */,
				36D32C242E0F3428002415D5 /* AppointmentCardView.swift */,
			);
			path = AppointmentCard;
			sourceTree = "<group>";
		};
		36D32C292E0F34AC002415D5 /* AppointmentListView */ = {
			isa = PBXGroup;
			children = (
				36D32C2A2E0F34CF002415D5 /* AppointmentListViewModel.swift */,
				36D32C222E0ECF16002415D5 /* AppointmentListView.swift */,
			);
			path = AppointmentListView;
			sourceTree = "<group>";
		};
		36D32C2C2E0F3735002415D5 /* AppointmentsTab */ = {
			isa = PBXGroup;
			children = (
				36D32C2D2E0F3753002415D5 /* AppointmentsTabViewModel.swift */,
				36D32C1E2E0EC185002415D5 /* AppointmentsTabView.swift */,
			);
			path = AppointmentsTab;
			sourceTree = "<group>";
		};
		36D32C342E0F42DA002415D5 /* AppointmentsHeader */ = {
			isa = PBXGroup;
			children = (
				36D32C352E0F42F7002415D5 /* AppointmentsHeaderViewModel.swift */,
				36D32C192E0EB773002415D5 /* AppointmentsHeaderView.swift */,
			);
			path = AppointmentsHeader;
			sourceTree = "<group>";
		};
/* End PBXGroup section */

/* Begin PBXNativeTarget section */
		36D32BE12E0DE512002415D5 /* FayThrowaway */ = {
			isa = PBXNativeTarget;
			buildConfigurationList = 36D32BF02E0DE513002415D5 /* Build configuration list for PBXNativeTarget "FayThrowaway" */;
			buildPhases = (
				36D32BDE2E0DE512002415D5 /* Sources */,
				36D32BDF2E0DE512002415D5 /* Frameworks */,
				36D32BE02E0DE512002415D5 /* Resources */,
			);
			buildRules = (
			);
			dependencies = (
			);
			name = FayThrowaway;
			packageProductDependencies = (
				36D32C0D2E0EA0F7002415D5 /* Lottie */,
				360B82342F6B3A8E00DAF2AF /* MilaNetwork */,
				360B82372F6B3BB700DAF2AF /* MilaKeychain */,
				360B82422F6D308100DAF2AF /* Services */,
				36BDBECD2F6D3F9D00C303AF /* DependencyContainer */,
			);
			productName = FayThrowaway;
			productReference = 36D32BE22E0DE512002415D5 /* FayThrowaway.app */;
			productType = "com.apple.product-type.application";
		};
/* End PBXNativeTarget section */

/* Begin PBXProject section */
		36D32BDA2E0DE512002415D5 /* Project object */ = {
			isa = PBXProject;
			attributes = {
				BuildIndependentTargetsInParallel = 1;
				LastSwiftUpdateCheck = 1520;
				LastUpgradeCheck = 1520;
				TargetAttributes = {
					36D32BE12E0DE512002415D5 = {
						CreatedOnToolsVersion = 15.2;
					};
				};
			};
			buildConfigurationList = 36D32BDD2E0DE512002415D5 /* Build configuration list for PBXProject "FayThrowaway" */;
			compatibilityVersion = "Xcode 14.0";
			developmentRegion = en;
			hasScannedForEncodings = 0;
			knownRegions = (
				en,
				Base,
			);
			mainGroup = 36D32BD92E0DE512002415D5;
			packageReferences = (
				36D32C0C2E0EA0F7002415D5 /* XCRemoteSwiftPackageReference "lottie-spm" */,
				360B82332F6B3A8E00DAF2AF /* XCRemoteSwiftPackageReference "MilaNetwork" */,
				360B82362F6B3BB700DAF2AF /* XCRemoteSwiftPackageReference "MilaKeychain" */,
			);
			productRefGroup = 36D32BE32E0DE512002415D5 /* Products */;
			projectDirPath = "";
			projectRoot = "";
			targets = (
				36D32BE12E0DE512002415D5 /* FayThrowaway */,
			);
		};
/* End PBXProject section */

/* Begin PBXResourcesBuildPhase section */
		36D32BE02E0DE512002415D5 /* Resources */ = {
			isa = PBXResourcesBuildPhase;
			buildActionMask = 2147483647;
			files = (
				36D32BED2E0DE513002415D5 /* Preview Assets.xcassets in Resources */,
				36D32BEA2E0DE513002415D5 /* Assets.xcassets in Resources */,
				36D32C1C2E0EBA14002415D5 /* Manrope-VariableFont_wght.ttf in Resources */,
			);
			runOnlyForDeploymentPostprocessing = 0;
		};
/* End PBXResourcesBuildPhase section */

/* Begin PBXSourcesBuildPhase section */
		36D32BDE2E0DE512002415D5 /* Sources */ = {
			isa = PBXSourcesBuildPhase;
			buildActionMask = 2147483647;
			files = (
				36D32C162E0EB6FB002415D5 /* AppointmentsViewModel.swift in Sources */,
				36D32BFD2E0E0B86002415D5 /* UnauthorizedCoordinator.swift in Sources */,
				36D32C112E0EAF76002415D5 /* AuthorizedCoordinator.swift in Sources */,
				36D32C232E0ECF16002415D5 /* AppointmentListView.swift in Sources */,
				36D32C2B2E0F34CF002415D5 /* AppointmentListViewModel.swift in Sources */,
				36D32BF72E0DE572002415D5 /* RootCoordinator.swift in Sources */,
				36D32C282E0F346D002415D5 /* AppointmentCardViewModel.swift in Sources */,
				36D32C092E0E0EF4002415D5 /* SigninView.swift in Sources */,
				36D32C362E0F42F7002415D5 /* AppointmentsHeaderViewModel.swift in Sources */,
				36D32C072E0E0EE5002415D5 /* SigninViewModel.swift in Sources */,
				36D32C132E0EAF8A002415D5 /* AuthorizedCoordinatorView.swift in Sources */,
				36D32C042E0E0BE2002415D5 /* UnauthorizedViewModel.swift in Sources */,
				36D32BFF2E0E0B94002415D5 /* UnauthorizedCoordinatorView.swift in Sources */,
				36D32C2E2E0F3753002415D5 /* AppointmentsTabViewModel.swift in Sources */,
				36D32C252E0F3429002415D5 /* AppointmentCardView.swift in Sources */,
				36D32BE62E0DE512002415D5 /* FayThrowawayApp.swift in Sources */,
				36D32C022E0E0BD8002415D5 /* UnauthorizedView.swift in Sources */,
				36D32C1F2E0EC185002415D5 /* AppointmentsTabView.swift in Sources */,
				36D32C1A2E0EB773002415D5 /* AppointmentsHeaderView.swift in Sources */,
				36D32BF52E0DE548002415D5 /* RootCoordinatorView.swift in Sources */,
				36D32C182E0EB719002415D5 /* AppointmentsView.swift in Sources */,
			);
			runOnlyForDeploymentPostprocessing = 0;
		};
/* End PBXSourcesBuildPhase section */

/* Begin XCBuildConfiguration section */
		36D32BEE2E0DE513002415D5 /* Debug */ = {
			isa = XCBuildConfiguration;
			buildSettings = {
				ALWAYS_SEARCH_USER_PATHS = NO;
				ASSETCATALOG_COMPILER_GENERATE_SWIFT_ASSET_SYMBOL_EXTENSIONS = YES;
				CLANG_ANALYZER_NONNULL = YES;
				CLANG_ANALYZER_NUMBER_OBJECT_CONVERSION = YES_AGGRESSIVE;
				CLANG_CXX_LANGUAGE_STANDARD = "gnu++20";
				CLANG_ENABLE_MODULES = YES;
				CLANG_ENABLE_OBJC_ARC = YES;
				CLANG_ENABLE_OBJC_WEAK = YES;
				CLANG_WARN_BLOCK_CAPTURE_AUTORELEASING = YES;
				CLANG_WARN_BOOL_CONVERSION = YES;
				CLANG_WARN_COMMA = YES;
				CLANG_WARN_CONSTANT_CONVERSION = YES;
				CLANG_WARN_DEPRECATED_OBJC_IMPLEMENTATIONS = YES;
				CLANG_WARN_DIRECT_OBJC_ISA_USAGE = YES_ERROR;
				CLANG_WARN_DOCUMENTATION_COMMENTS = YES;
				CLANG_WARN_EMPTY_BODY = YES;
				CLANG_WARN_ENUM_CONVERSION = YES;
				CLANG_WARN_INFINITE_RECURSION = YES;
				CLANG_WARN_INT_CONVERSION = YES;
				CLANG_WARN_NON_LITERAL_NULL_CONVERSION = YES;
				CLANG_WARN_OBJC_IMPLICIT_RETAIN_SELF = YES;
				CLANG_WARN_OBJC_LITERAL_CONVERSION = YES;
				CLANG_WARN_OBJC_ROOT_CLASS = YES_ERROR;
				CLANG_WARN_QUOTED_INCLUDE_IN_FRAMEWORK_HEADER = YES;
				CLANG_WARN_RANGE_LOOP_ANALYSIS = YES;
				CLANG_WARN_STRICT_PROTOTYPES = YES;
				CLANG_WARN_SUSPICIOUS_MOVE = YES;
				CLANG_WARN_UNGUARDED_AVAILABILITY = YES_AGGRESSIVE;
				CLANG_WARN_UNREACHABLE_CODE = YES;
				CLANG_WARN__DUPLICATE_METHOD_MATCH = YES;
				COPY_PHASE_STRIP = NO;
				DEBUG_INFORMATION_FORMAT = dwarf;
				ENABLE_STRICT_OBJC_MSGSEND = YES;
				ENABLE_TESTABILITY = YES;
				ENABLE_USER_SCRIPT_SANDBOXING = YES;
				GCC_C_LANGUAGE_STANDARD = gnu17;
				GCC_DYNAMIC_NO_PIC = NO;
				GCC_NO_COMMON_BLOCKS = YES;
				GCC_OPTIMIZATION_LEVEL = 0;
				GCC_PREPROCESSOR_DEFINITIONS = (
					"DEBUG=1",
					"$(inherited)",
				);
				GCC_WARN_64_TO_32_BIT_CONVERSION = YES;
				GCC_WARN_ABOUT_RETURN_TYPE = YES_ERROR;
				GCC_WARN_UNDECLARED_SELECTOR = YES;
				GCC_WARN_UNINITIALIZED_AUTOS = YES_AGGRESSIVE;
				GCC_WARN_UNUSED_FUNCTION = YES;
				GCC_WARN_UNUSED_VARIABLE = YES;
				IPHONEOS_DEPLOYMENT_TARGET = 17.2;
				LOCALIZATION_PREFERS_STRING_CATALOGS = YES;
				MTL_ENABLE_DEBUG_INFO = INCLUDE_SOURCE;
				MTL_FAST_MATH = YES;
				ONLY_ACTIVE_ARCH = YES;
				SDKROOT = iphoneos;
				SWIFT_ACTIVE_COMPILATION_CONDITIONS = "DEBUG $(inherited)";
				SWIFT_OPTIMIZATION_LEVEL = "-Onone";
			};
			name = Debug;
		};
		36D32BEF2E0DE513002415D5 /* Release */ = {
			isa = XCBuildConfiguration;
			buildSettings = {
				ALWAYS_SEARCH_USER_PATHS = NO;
				ASSETCATALOG_COMPILER_GENERATE_SWIFT_ASSET_SYMBOL_EXTENSIONS = YES;
				CLANG_ANALYZER_NONNULL = YES;
				CLANG_ANALYZER_NUMBER_OBJECT_CONVERSION = YES_AGGRESSIVE;
				CLANG_CXX_LANGUAGE_STANDARD = "gnu++20";
				CLANG_ENABLE_MODULES = YES;
				CLANG_ENABLE_OBJC_ARC = YES;
				CLANG_ENABLE_OBJC_WEAK = YES;
				CLANG_WARN_BLOCK_CAPTURE_AUTORELEASING = YES;
				CLANG_WARN_BOOL_CONVERSION = YES;
				CLANG_WARN_COMMA = YES;
				CLANG_WARN_CONSTANT_CONVERSION = YES;
				CLANG_WARN_DEPRECATED_OBJC_IMPLEMENTATIONS = YES;
				CLANG_WARN_DIRECT_OBJC_ISA_USAGE = YES_ERROR;
				CLANG_WARN_DOCUMENTATION_COMMENTS = YES;
				CLANG_WARN_EMPTY_BODY = YES;
				CLANG_WARN_ENUM_CONVERSION = YES;
				CLANG_WARN_INFINITE_RECURSION = YES;
				CLANG_WARN_INT_CONVERSION = YES;
				CLANG_WARN_NON_LITERAL_NULL_CONVERSION = YES;
				CLANG_WARN_OBJC_IMPLICIT_RETAIN_SELF = YES;
				CLANG_WARN_OBJC_LITERAL_CONVERSION = YES;
				CLANG_WARN_OBJC_ROOT_CLASS = YES_ERROR;
				CLANG_WARN_QUOTED_INCLUDE_IN_FRAMEWORK_HEADER = YES;
				CLANG_WARN_RANGE_LOOP_ANALYSIS = YES;
				CLANG_WARN_STRICT_PROTOTYPES = YES;
				CLANG_WARN_SUSPICIOUS_MOVE = YES;
				CLANG_WARN_UNGUARDED_AVAILABILITY = YES_AGGRESSIVE;
				CLANG_WARN_UNREACHABLE_CODE = YES;
				CLANG_WARN__DUPLICATE_METHOD_MATCH = YES;
				COPY_PHASE_STRIP = NO;
				DEBUG_INFORMATION_FORMAT = "dwarf-with-dsym";
				ENABLE_NS_ASSERTIONS = NO;
				ENABLE_STRICT_OBJC_MSGSEND = YES;
				ENABLE_USER_SCRIPT_SANDBOXING = YES;
				GCC_C_LANGUAGE_STANDARD = gnu17;
				GCC_NO_COMMON_BLOCKS = YES;
				GCC_WARN_64_TO_32_BIT_CONVERSION = YES;
				GCC_WARN_ABOUT_RETURN_TYPE = YES_ERROR;
				GCC_WARN_UNDECLARED_SELECTOR = YES;
				GCC_WARN_UNINITIALIZED_AUTOS = YES_AGGRESSIVE;
				GCC_WARN_UNUSED_FUNCTION = YES;
				GCC_WARN_UNUSED_VARIABLE = YES;
				IPHONEOS_DEPLOYMENT_TARGET = 17.2;
				LOCALIZATION_PREFERS_STRING_CATALOGS = YES;
				MTL_ENABLE_DEBUG_INFO = NO;
				MTL_FAST_MATH = YES;
				SDKROOT = iphoneos;
				SWIFT_COMPILATION_MODE = wholemodule;
				VALIDATE_PRODUCT = YES;
			};
			name = Release;
		};
		36D32BF12E0DE513002415D5 /* Debug */ = {
			isa = XCBuildConfiguration;
			buildSettings = {
				ASSETCATALOG_COMPILER_APPICON_NAME = AppIcon;
				ASSETCATALOG_COMPILER_GLOBAL_ACCENT_COLOR_NAME = AccentColor;
				CODE_SIGN_STYLE = Automatic;
				CURRENT_PROJECT_VERSION = 1;
				DEVELOPMENT_ASSET_PATHS = "\"FayThrowaway/Preview Content\"";
				DEVELOPMENT_TEAM = C52CYTJ47J;
				ENABLE_PREVIEWS = YES;
				GENERATE_INFOPLIST_FILE = YES;
				INFOPLIST_FILE = FayThrowaway/Info.plist;
				INFOPLIST_KEY_UIApplicationSceneManifest_Generation = YES;
				INFOPLIST_KEY_UIApplicationSupportsIndirectInputEvents = YES;
				INFOPLIST_KEY_UILaunchScreen_Generation = YES;
				INFOPLIST_KEY_UISupportedInterfaceOrientations_iPad = "UIInterfaceOrientationPortrait UIInterfaceOrientationPortraitUpsideDown UIInterfaceOrientationLandscapeLeft UIInterfaceOrientationLandscapeRight";
				INFOPLIST_KEY_UISupportedInterfaceOrientations_iPhone = "UIInterfaceOrientationPortrait UIInterfaceOrientationLandscapeLeft UIInterfaceOrientationLandscapeRight";
				LD_RUNPATH_SEARCH_PATHS = (
					"$(inherited)",
					"@executable_path/Frameworks",
				);
				MARKETING_VERSION = 1.0;
				PRODUCT_BUNDLE_IDENTIFIER = JustinLee.FayThrowaway;
				PRODUCT_NAME = "$(TARGET_NAME)";
				SWIFT_EMIT_LOC_STRINGS = YES;
				SWIFT_VERSION = 5.0;
				TARGETED_DEVICE_FAMILY = "1,2";
			};
			name = Debug;
		};
		36D32BF22E0DE513002415D5 /* Release */ = {
			isa = XCBuildConfiguration;
			buildSettings = {
				ASSETCATALOG_COMPILER_APPICON_NAME = AppIcon;
				ASSETCATALOG_COMPILER_GLOBAL_ACCENT_COLOR_NAME = AccentColor;
				CODE_SIGN_STYLE = Automatic;
				CURRENT_PROJECT_VERSION = 1;
				DEVELOPMENT_ASSET_PATHS = "\"FayThrowaway/Preview Content\"";
				DEVELOPMENT_TEAM = C52CYTJ47J;
				ENABLE_PREVIEWS = YES;
				GENERATE_INFOPLIST_FILE = YES;
				INFOPLIST_FILE = FayThrowaway/Info.plist;
				INFOPLIST_KEY_UIApplicationSceneManifest_Generation = YES;
				INFOPLIST_KEY_UIApplicationSupportsIndirectInputEvents = YES;
				INFOPLIST_KEY_UILaunchScreen_Generation = YES;
				INFOPLIST_KEY_UISupportedInterfaceOrientations_iPad = "UIInterfaceOrientationPortrait UIInterfaceOrientationPortraitUpsideDown UIInterfaceOrientationLandscapeLeft UIInterfaceOrientationLandscapeRight";
				INFOPLIST_KEY_UISupportedInterfaceOrientations_iPhone = "UIInterfaceOrientationPortrait UIInterfaceOrientationLandscapeLeft UIInterfaceOrientationLandscapeRight";
				LD_RUNPATH_SEARCH_PATHS = (
					"$(inherited)",
					"@executable_path/Frameworks",
				);
				MARKETING_VERSION = 1.0;
				PRODUCT_BUNDLE_IDENTIFIER = JustinLee.FayThrowaway;
				PRODUCT_NAME = "$(TARGET_NAME)";
				SWIFT_EMIT_LOC_STRINGS = YES;
				SWIFT_VERSION = 5.0;
				TARGETED_DEVICE_FAMILY = "1,2";
			};
			name = Release;
		};
/* End XCBuildConfiguration section */

/* Begin XCConfigurationList section */
		36D32BDD2E0DE512002415D5 /* Build configuration list for PBXProject "FayThrowaway" */ = {
			isa = XCConfigurationList;
			buildConfigurations = (
				36D32BEE2E0DE513002415D5 /* Debug */,
				36D32BEF2E0DE513002415D5 /* Release */,
			);
			defaultConfigurationIsVisible = 0;
			defaultConfigurationName = Release;
		};
		36D32BF02E0DE513002415D5 /* Build configuration list for PBXNativeTarget "FayThrowaway" */ = {
			isa = XCConfigurationList;
			buildConfigurations = (
				36D32BF12E0DE513002415D5 /* Debug */,
				36D32BF22E0DE513002415D5 /* Release */,
			);
			defaultConfigurationIsVisible = 0;
			defaultConfigurationName = Release;
		};
/* End XCConfigurationList section */

/* Begin XCRemoteSwiftPackageReference section */
		360B82332F6B3A8E00DAF2AF /* XCRemoteSwiftPackageReference "MilaNetwork" */ = {
			isa = XCRemoteSwiftPackageReference;
			repositoryURL = "https://github.com/JustinLeeRepo/MilaNetwork";
			requirement = {
				branch = main;
				kind = branch;
			};
		};
		360B82362F6B3BB700DAF2AF /* XCRemoteSwiftPackageReference "MilaKeychain" */ = {
			isa = XCRemoteSwiftPackageReference;
			repositoryURL = "https://github.com/JustinLeeRepo/MilaKeychain/";
			requirement = {
				branch = main;
				kind = branch;
			};
		};
		36D32C0C2E0EA0F7002415D5 /* XCRemoteSwiftPackageReference "lottie-spm" */ = {
			isa = XCRemoteSwiftPackageReference;
			repositoryURL = "https://github.com/airbnb/lottie-spm.git";
			requirement = {
				kind = upToNextMajorVersion;
				minimumVersion = 4.5.2;
			};
		};
/* End XCRemoteSwiftPackageReference section */

/* Begin XCSwiftPackageProductDependency section */
		360B82342F6B3A8E00DAF2AF /* MilaNetwork */ = {
			isa = XCSwiftPackageProductDependency;
			package = 360B82332F6B3A8E00DAF2AF /* XCRemoteSwiftPackageReference "MilaNetwork" */;
			productName = MilaNetwork;
		};
		360B82372F6B3BB700DAF2AF /* MilaKeychain */ = {
			isa = XCSwiftPackageProductDependency;
			package = 360B82362F6B3BB700DAF2AF /* XCRemoteSwiftPackageReference "MilaKeychain" */;
			productName = MilaKeychain;
		};
		360B82422F6D308100DAF2AF /* Services */ = {
			isa = XCSwiftPackageProductDependency;
			productName = Services;
		};
		36BDBECD2F6D3F9D00C303AF /* DependencyContainer */ = {
			isa = XCSwiftPackageProductDependency;
			productName = DependencyContainer;
		};
		36D32C0D2E0EA0F7002415D5 /* Lottie */ = {
			isa = XCSwiftPackageProductDependency;
			package = 36D32C0C2E0EA0F7002415D5 /* XCRemoteSwiftPackageReference "lottie-spm" */;
			productName = Lottie;
		};
/* End XCSwiftPackageProductDependency section */
	};
	rootObject = 36D32BDA2E0DE512002415D5 /* Project object */;
}
